
Microsoft Visual Studio Solution File, Format Version 12.00
Project("{FAE04EC0-301F-11D3-BF4B-00C04F79EFBC}") = "Bloombleurgh", "Bloombleurgh\Bloombleurgh.csproj", "{CDBFCCF4-5185-4351-B118-F6DA7D8F37A5}"
EndProject
Global
	GlobalSection(SolutionConfigurationPlatforms) = preSolution
		Debug|Any CPU = Debug|Any CPU
		Release|Any CPU = Release|Any CPU
	EndGlobalSection
	GlobalSection(ProjectConfigurationPlatforms) = postSolution
		{CDBFCCF4-5185-4351-B118-F6DA7D8F37A5}.Debug|Any CPU.ActiveCfg = Debug|Any CPU
		{CDBFCCF4-5185-4351-B118-F6DA7D8F37A5}.Debug|Any CPU.Build.0 = Debug|Any CPU
		{CDBFCCF4-5185-4351-B118-F6DA7D8F37A5}.Release|Any CPU.ActiveCfg = Release|Any CPU
		{CDBFCCF4-5185-4351-B118-F6DA7D8F37A5}.Release|Any CPU.Build.0 = Release|Any CPU
	EndGlobalSection
EndGlobal
